
Microsoft Visual Studio Solution File, Format Version 12.00
# Visual Studio Version 17
VisualStudioVersion = 17.2.32616.157
MinimumVisualStudioVersion = 10.0.40219.1
Project("{9A19103F-16F7-4668-BE54-9A1E7A4F7556}") = "DrugsInteractionsApi", "DrugsInteractionsApi\DrugsInteractionsApi.csproj", "{64857F45-9ED6-49D1-B222-0442A7CED463}"
EndProject
Project("{9A19103F-16F7-4668-BE54-9A1E7A4F7556}") = "DrugsInteractionsApi.Services.EntityFramework", "DrugsInteractionApi.Services.EntityFramework\DrugsInteractionsApi.Services.EntityFramework.csproj", "{F3AEAC2A-1241-4B95-9FAA-B0004A31248B}"
EndProject
Project("{9A19103F-16F7-4668-BE54-9A1E7A4F7556}") = "DrugsInteractionsApi.Services", "DrugsInteractionApi.Services\DrugsInteractionsApi.Services.csproj", "{27C1DFD3-2A2C-436B-8A54-E99D72C17B56}"
EndProject
Global
	GlobalSection(SolutionConfigurationPlatforms) = preSolution
		Debug|Any CPU = Debug|Any CPU
		Release|Any CPU = Release|Any CPU
	EndGlobalSection
	GlobalSection(ProjectConfigurationPlatforms) = postSolution
		{64857F45-9ED6-49D1-B222-0442A7CED463}.Debug|Any CPU.ActiveCfg = Debug|Any CPU
		{64857F45-9ED6-49D1-B222-0442A7CED463}.Debug|Any CPU.Build.0 = Debug|Any CPU
		{64857F45-9ED6-49D1-B222-0442A7CED463}.Release|Any CPU.ActiveCfg = Release|Any CPU
		{64857F45-9ED6-49D1-B222-0442A7CED463}.Release|Any CPU.Build.0 = Release|Any CPU
		{F3AEAC2A-1241-4B95-9FAA-B0004A31248B}.Debug|Any CPU.ActiveCfg = Debug|Any CPU
		{F3AEAC2A-1241-4B95-9FAA-B0004A31248B}.Debug|Any CPU.Build.0 = Debug|Any CPU
		{F3AEAC2A-1241-4B95-9FAA-B0004A31248B}.Release|Any CPU.ActiveCfg = Release|Any CPU
		{F3AEAC2A-1241-4B95-9FAA-B0004A31248B}.Release|Any CPU.Build.0 = Release|Any CPU
		{27C1DFD3-2A2C-436B-8A54-E99D72C17B56}.Debug|Any CPU.ActiveCfg = Debug|Any CPU
		{27C1DFD3-2A2C-436B-8A54-E99D72C17B56}.Debug|Any CPU.Build.0 = Debug|Any CPU
		{27C1DFD3-2A2C-436B-8A54-E99D72C17B56}.Release|Any CPU.ActiveCfg = Release|Any CPU
		{27C1DFD3-2A2C-436B-8A54-E99D72C17B56}.Release|Any CPU.Build.0 = Release|Any CPU
	EndGlobalSection
	GlobalSection(SolutionProperties) = preSolution
		HideSolutionNode = FALSE
	EndGlobalSection
	GlobalSection(ExtensibilityGlobals) = postSolution
		SolutionGuid = {403AD6BD-1344-4F6A-B57D-11F32D97CED1}
	EndGlobalSection
EndGlobal
